// !$*UTF8*$!
{
	archiveVersion = 1;
	classes = {
	};
	objectVersion = 46;
	objects = {

/* Begin PBXBuildFile section */
		37EBFDA555827F4347D0772B /* Pods_Pokedex.framework in Frameworks */ = {isa = PBXBuildFile; fileRef = CACC711E0D077A60D34A365D /* Pods_Pokedex.framework */; };
		4A2AE98F1DA45F3D0084C286 /* pokemon.ttf in Resources */ = {isa = PBXBuildFile; fileRef = 4A2AE98E1DA45F3D0084C286 /* pokemon.ttf */; };
		4A312E201DA7884800860966 /* PokemonDetailVC.swift in Sources */ = {isa = PBXBuildFile; fileRef = 4A312E1F1DA7884800860966 /* PokemonDetailVC.swift */; };
		4A4AFA911DAB9EB10001F83B /* Pokemon GB.ttf in Resources */ = {isa = PBXBuildFile; fileRef = 4A4AFA901DAB9EB10001F83B /* Pokemon GB.ttf */; };
		4A4AFA931DABAF4C0001F83B /* CONSTANTS.swift in Sources */ = {isa = PBXBuildFile; fileRef = 4A4AFA921DABAF4C0001F83B /* CONSTANTS.swift */; };
		4A4C94DA1DA55BBE000DE413 /* music.mp3 in Resources */ = {isa = PBXBuildFile; fileRef = 4A4C94D91DA55BBE000DE413 /* music.mp3 */; };
		4A5B6C041DA289550014C216 /* AppDelegate.swift in Sources */ = {isa = PBXBuildFile; fileRef = 4A5B6C031DA289550014C216 /* AppDelegate.swift */; };
		4A5B6C061DA289550014C216 /* ViewController.swift in Sources */ = {isa = PBXBuildFile; fileRef = 4A5B6C051DA289550014C216 /* ViewController.swift */; };
		4A5B6C091DA289550014C216 /* Main.storyboard in Resources */ = {isa = PBXBuildFile; fileRef = 4A5B6C071DA289550014C216 /* Main.storyboard */; };
		4A5B6C0B1DA289550014C216 /* Assets.xcassets in Resources */ = {isa = PBXBuildFile; fileRef = 4A5B6C0A1DA289550014C216 /* Assets.xcassets */; };
		4A5B6C0E1DA289550014C216 /* LaunchScreen.storyboard in Resources */ = {isa = PBXBuildFile; fileRef = 4A5B6C0C1DA289550014C216 /* LaunchScreen.storyboard */; };
		4A5B6C191DA289550014C216 /* PokedexTests.swift in Sources */ = {isa = PBXBuildFile; fileRef = 4A5B6C181DA289550014C216 /* PokedexTests.swift */; };
		4A5B6C241DA289550014C216 /* PokedexUITests.swift in Sources */ = {isa = PBXBuildFile; fileRef = 4A5B6C231DA289550014C216 /* PokedexUITests.swift */; };
		4A5B6C331DA28CEF0014C216 /* Pokemon.swift in Sources */ = {isa = PBXBuildFile; fileRef = 4A5B6C321DA28CEF0014C216 /* Pokemon.swift */; };
		4A6A20911DA3D84300B15CDD /* PokeCell.swift in Sources */ = {isa = PBXBuildFile; fileRef = 4A6A20901DA3D84300B15CDD /* PokeCell.swift */; };
		4A6A20931DA3E54800B15CDD /* csv.swift in Sources */ = {isa = PBXBuildFile; fileRef = 4A6A20921DA3E54800B15CDD /* csv.swift */; };
		4A6A20951DA3E97500B15CDD /* pokemon.csv in Resources */ = {isa = PBXBuildFile; fileRef = 4A6A20941DA3E97500B15CDD /* pokemon.csv */; };
		4F22DEA83580BB6FA6DA5DF5 /* Pods_PokedexUITests.framework in Frameworks */ = {isa = PBXBuildFile; fileRef = 47DAF95586580F543E039832 /* Pods_PokedexUITests.framework */; };
		9805962D530FC123206B2E39 /* Pods_PokedexTests.framework in Frameworks */ = {isa = PBXBuildFile; fileRef = 6ACBFE5FC2F710EC8AF5A1A7 /* Pods_PokedexTests.framework */; };
/* End PBXBuildFile section */

/* Begin PBXContainerItemProxy section */
		4A5B6C151DA289550014C216 /* PBXContainerItemProxy */ = {
			isa = PBXContainerItemProxy;
			containerPortal = 4A5B6BF81DA289550014C216 /* Project object */;
			proxyType = 1;
			remoteGlobalIDString = 4A5B6BFF1DA289550014C216;
			remoteInfo = Pokedex;
		};
		4A5B6C201DA289550014C216 /* PBXContainerItemProxy */ = {
			isa = PBXContainerItemProxy;
			containerPortal = 4A5B6BF81DA289550014C216 /* Project object */;
			proxyType = 1;
			remoteGlobalIDString = 4A5B6BFF1DA289550014C216;
			remoteInfo = Pokedex;
		};
/* End PBXContainerItemProxy section */

/* Begin PBXFileReference section */
		13DAC5F3AE246ABDA2F76584 /* Pods-Pokedex.release.xcconfig */ = {isa = PBXFileReference; includeInIndex = 1; lastKnownFileType = text.xcconfig; name = "Pods-Pokedex.release.xcconfig"; path = "Pods/Target Support Files/Pods-Pokedex/Pods-Pokedex.release.xcconfig"; sourceTree = "<group>"; };
		2665B0E886F6BC7FF057D960 /* Pods-PokedexTests.debug.xcconfig */ = {isa = PBXFileReference; includeInIndex = 1; lastKnownFileType = text.xcconfig; name = "Pods-PokedexTests.debug.xcconfig"; path = "Pods/Target Support Files/Pods-PokedexTests/Pods-PokedexTests.debug.xcconfig"; sourceTree = "<group>"; };
		47DAF95586580F543E039832 /* Pods_PokedexUITests.framework */ = {isa = PBXFileReference; explicitFileType = wrapper.framework; includeInIndex = 0; path = Pods_PokedexUITests.framework; sourceTree = BUILT_PRODUCTS_DIR; };
		4A2AE98E1DA45F3D0084C286 /* pokemon.ttf */ = {isa = PBXFileReference; lastKnownFileType = file; path = pokemon.ttf; sourceTree = "<group>"; };
		4A312E1F1DA7884800860966 /* PokemonDetailVC.swift */ = {isa = PBXFileReference; fileEncoding = 4; lastKnownFileType = sourcecode.swift; path = PokemonDetailVC.swift; sourceTree = "<group>"; };
		4A4AFA901DAB9EB10001F83B /* Pokemon GB.ttf */ = {isa = PBXFileReference; lastKnownFileType = file; path = "Pokemon GB.ttf"; sourceTree = "<group>"; };
		4A4AFA921DABAF4C0001F83B /* CONSTANTS.swift */ = {isa = PBXFileReference; fileEncoding = 4; lastKnownFileType = sourcecode.swift; path = CONSTANTS.swift; sourceTree = "<group>"; };
		4A4C94D91DA55BBE000DE413 /* music.mp3 */ = {isa = PBXFileReference; lastKnownFileType = audio.mp3; path = music.mp3; sourceTree = "<group>"; };
		4A5B6C001DA289550014C216 /* Pokedex.app */ = {isa = PBXFileReference; explicitFileType = wrapper.application; includeInIndex = 0; path = Pokedex.app; sourceTree = BUILT_PRODUCTS_DIR; };
		4A5B6C031DA289550014C216 /* AppDelegate.swift */ = {isa = PBXFileReference; lastKnownFileType = sourcecode.swift; path = AppDelegate.swift; sourceTree = "<group>"; };
		4A5B6C051DA289550014C216 /* ViewController.swift */ = {isa = PBXFileReference; lastKnownFileType = sourcecode.swift; path = ViewController.swift; sourceTree = "<group>"; };
		4A5B6C081DA289550014C216 /* Base */ = {isa = PBXFileReference; lastKnownFileType = file.storyboard; name = Base; path = Base.lproj/Main.storyboard; sourceTree = "<group>"; };
		4A5B6C0A1DA289550014C216 /* Assets.xcassets */ = {isa = PBXFileReference; lastKnownFileType = folder.assetcatalog; path = Assets.xcassets; sourceTree = "<group>"; };
		4A5B6C0D1DA289550014C216 /* Base */ = {isa = PBXFileReference; lastKnownFileType = file.storyboard; name = Base; path = Base.lproj/LaunchScreen.storyboard; sourceTree = "<group>"; };
		4A5B6C0F1DA289550014C216 /* Info.plist */ = {isa = PBXFileReference; lastKnownFileType = text.plist.xml; path = Info.plist; sourceTree = "<group>"; };
		4A5B6C141DA289550014C216 /* PokedexTests.xctest */ = {isa = PBXFileReference; explicitFileType = wrapper.cfbundle; includeInIndex = 0; path = PokedexTests.xctest; sourceTree = BUILT_PRODUCTS_DIR; };
		4A5B6C181DA289550014C216 /* PokedexTests.swift */ = {isa = PBXFileReference; lastKnownFileType = sourcecode.swift; path = PokedexTests.swift; sourceTree = "<group>"; };
		4A5B6C1A1DA289550014C216 /* Info.plist */ = {isa = PBXFileReference; lastKnownFileType = text.plist.xml; path = Info.plist; sourceTree = "<group>"; };
		4A5B6C1F1DA289550014C216 /* PokedexUITests.xctest */ = {isa = PBXFileReference; explicitFileType = wrapper.cfbundle; includeInIndex = 0; path = PokedexUITests.xctest; sourceTree = BUILT_PRODUCTS_DIR; };
		4A5B6C231DA289550014C216 /* PokedexUITests.swift */ = {isa = PBXFileReference; lastKnownFileType = sourcecode.swift; path = PokedexUITests.swift; sourceTree = "<group>"; };
		4A5B6C251DA289550014C216 /* Info.plist */ = {isa = PBXFileReference; lastKnownFileType = text.plist.xml; path = Info.plist; sourceTree = "<group>"; };
		4A5B6C321DA28CEF0014C216 /* Pokemon.swift */ = {isa = PBXFileReference; fileEncoding = 4; lastKnownFileType = sourcecode.swift; path = Pokemon.swift; sourceTree = "<group>"; };
		4A6A20901DA3D84300B15CDD /* PokeCell.swift */ = {isa = PBXFileReference; fileEncoding = 4; lastKnownFileType = sourcecode.swift; path = PokeCell.swift; sourceTree = "<group>"; };
		4A6A20921DA3E54800B15CDD /* csv.swift */ = {isa = PBXFileReference; fileEncoding = 4; lastKnownFileType = sourcecode.swift; path = csv.swift; sourceTree = "<group>"; };
		4A6A20941DA3E97500B15CDD /* pokemon.csv */ = {isa = PBXFileReference; fileEncoding = 4; lastKnownFileType = text; path = pokemon.csv; sourceTree = "<group>"; };
		6ACBFE5FC2F710EC8AF5A1A7 /* Pods_PokedexTests.framework */ = {isa = PBXFileReference; explicitFileType = wrapper.framework; includeInIndex = 0; path = Pods_PokedexTests.framework; sourceTree = BUILT_PRODUCTS_DIR; };
		95E73F41A11DACAA51B178F0 /* Pods-PokedexUITests.debug.xcconfig */ = {isa = PBXFileReference; includeInIndex = 1; lastKnownFileType = text.xcconfig; name = "Pods-PokedexUITests.debug.xcconfig"; path = "Pods/Target Support Files/Pods-PokedexUITests/Pods-PokedexUITests.debug.xcconfig"; sourceTree = "<group>"; };
		9D91658858B6B79E486BCB77 /* Pods-PokedexUITests.release.xcconfig */ = {isa = PBXFileReference; includeInIndex = 1; lastKnownFileType = text.xcconfig; name = "Pods-PokedexUITests.release.xcconfig"; path = "Pods/Target Support Files/Pods-PokedexUITests/Pods-PokedexUITests.release.xcconfig"; sourceTree = "<group>"; };
		C5EFF58BD11D2253C2F4AA27 /* Pods-PokedexTests.release.xcconfig */ = {isa = PBXFileReference; includeInIndex = 1; lastKnownFileType = text.xcconfig; name = "Pods-PokedexTests.release.xcconfig"; path = "Pods/Target Support Files/Pods-PokedexTests/Pods-PokedexTests.release.xcconfig"; sourceTree = "<group>"; };
		CACC711E0D077A60D34A365D /* Pods_Pokedex.framework */ = {isa = PBXFileReference; explicitFileType = wrapper.framework; includeInIndex = 0; path = Pods_Pokedex.framework; sourceTree = BUILT_PRODUCTS_DIR; };
		CB21F0326A8F8F953AE2ECE8 /* Pods-Pokedex.debug.xcconfig */ = {isa = PBXFileReference; includeInIndex = 1; lastKnownFileType = text.xcconfig; name = "Pods-Pokedex.debug.xcconfig"; path = "Pods/Target Support Files/Pods-Pokedex/Pods-Pokedex.debug.xcconfig"; sourceTree = "<group>"; };
/* End PBXFileReference section */

/* Begin PBXFrameworksBuildPhase section */
		4A5B6BFD1DA289550014C216 /* Frameworks */ = {
			isa = PBXFrameworksBuildPhase;
			buildActionMask = 2147483647;
			files = (
				37EBFDA555827F4347D0772B /* Pods_Pokedex.framework in Frameworks */,
			);
			runOnlyForDeploymentPostprocessing = 0;
		};
		4A5B6C111DA289550014C216 /* Frameworks */ = {
			isa = PBXFrameworksBuildPhase;
			buildActionMask = 2147483647;
			files = (
				9805962D530FC123206B2E39 /* Pods_PokedexTests.framework in Frameworks */,
			);
			runOnlyForDeploymentPostprocessing = 0;
		};
		4A5B6C1C1DA289550014C216 /* Frameworks */ = {
			isa = PBXFrameworksBuildPhase;
			buildActionMask = 2147483647;
			files = (
				4F22DEA83580BB6FA6DA5DF5 /* Pods_PokedexUITests.framework in Frameworks */,
			);
			runOnlyForDeploymentPostprocessing = 0;
		};
/* End PBXFrameworksBuildPhase section */

/* Begin PBXGroup section */
		4A4C94DB1DA55BE2000DE413 /* Resources */ = {
			isa = PBXGroup;
			children = (
				4A6A20921DA3E54800B15CDD /* csv.swift */,
				4A4C94D91DA55BBE000DE413 /* music.mp3 */,
				4A6A20941DA3E97500B15CDD /* pokemon.csv */,
				4A2AE98E1DA45F3D0084C286 /* pokemon.ttf */,
				4A4AFA901DAB9EB10001F83B /* Pokemon GB.ttf */,
			);
			name = Resources;
			sourceTree = "<group>";
		};
		4A5B6BF71DA289550014C216 = {
			isa = PBXGroup;
			children = (
				4A5B6C021DA289550014C216 /* Pokedex */,
				4A5B6C171DA289550014C216 /* PokedexTests */,
				4A5B6C221DA289550014C216 /* PokedexUITests */,
				4A5B6C011DA289550014C216 /* Products */,
				BBF5830C7C513577A95F95D2 /* Pods */,
				B257E9A9C146E268B6409151 /* Frameworks */,
			);
			sourceTree = "<group>";
		};
		4A5B6C011DA289550014C216 /* Products */ = {
			isa = PBXGroup;
			children = (
				4A5B6C001DA289550014C216 /* Pokedex.app */,
				4A5B6C141DA289550014C216 /* PokedexTests.xctest */,
				4A5B6C1F1DA289550014C216 /* PokedexUITests.xctest */,
			);
			name = Products;
			sourceTree = "<group>";
		};
		4A5B6C021DA289550014C216 /* Pokedex */ = {
			isa = PBXGroup;
			children = (
				4A4C94DB1DA55BE2000DE413 /* Resources */,
				4A6A208F1DA3D80E00B15CDD /* View */,
				4A5B6C311DA28B8F0014C216 /* Model */,
				4A5B6C031DA289550014C216 /* AppDelegate.swift */,
				4A5B6C071DA289550014C216 /* Main.storyboard */,
				4A5B6C0A1DA289550014C216 /* Assets.xcassets */,
				4A5B6C0C1DA289550014C216 /* LaunchScreen.storyboard */,
				4A5B6C0F1DA289550014C216 /* Info.plist */,
			);
			path = Pokedex;
			sourceTree = "<group>";
		};
		4A5B6C171DA289550014C216 /* PokedexTests */ = {
			isa = PBXGroup;
			children = (
				4A5B6C181DA289550014C216 /* PokedexTests.swift */,
				4A5B6C1A1DA289550014C216 /* Info.plist */,
			);
			path = PokedexTests;
			sourceTree = "<group>";
		};
		4A5B6C221DA289550014C216 /* PokedexUITests */ = {
			isa = PBXGroup;
			children = (
				4A5B6C231DA289550014C216 /* PokedexUITests.swift */,
				4A5B6C251DA289550014C216 /* Info.plist */,
			);
			path = PokedexUITests;
			sourceTree = "<group>";
		};
		4A5B6C311DA28B8F0014C216 /* Model */ = {
			isa = PBXGroup;
			children = (
				4A5B6C321DA28CEF0014C216 /* Pokemon.swift */,
				4A312E1F1DA7884800860966 /* PokemonDetailVC.swift */,
				4A5B6C051DA289550014C216 /* ViewController.swift */,
				4A4AFA921DABAF4C0001F83B /* CONSTANTS.swift */,
			);
			name = Model;
			sourceTree = "<group>";
		};
		4A6A208F1DA3D80E00B15CDD /* View */ = {
			isa = PBXGroup;
			children = (
				4A6A20901DA3D84300B15CDD /* PokeCell.swift */,
			);
			name = View;
			sourceTree = "<group>";
		};
		B257E9A9C146E268B6409151 /* Frameworks */ = {
			isa = PBXGroup;
			children = (
				CACC711E0D077A60D34A365D /* Pods_Pokedex.framework */,
				6ACBFE5FC2F710EC8AF5A1A7 /* Pods_PokedexTests.framework */,
				47DAF95586580F543E039832 /* Pods_PokedexUITests.framework */,
			);
			name = Frameworks;
			sourceTree = "<group>";
		};
		BBF5830C7C513577A95F95D2 /* Pods */ = {
			isa = PBXGroup;
			children = (
				CB21F0326A8F8F953AE2ECE8 /* Pods-Pokedex.debug.xcconfig */,
				13DAC5F3AE246ABDA2F76584 /* Pods-Pokedex.release.xcconfig */,
				2665B0E886F6BC7FF057D960 /* Pods-PokedexTests.debug.xcconfig */,
				C5EFF58BD11D2253C2F4AA27 /* Pods-PokedexTests.release.xcconfig */,
				95E73F41A11DACAA51B178F0 /* Pods-PokedexUITests.debug.xcconfig */,
				9D91658858B6B79E486BCB77 /* Pods-PokedexUITests.release.xcconfig */,
			);
			name = Pods;
			sourceTree = "<group>";
		};
/* End PBXGroup section */

/* Begin PBXNativeTarget section */
		4A5B6BFF1DA289550014C216 /* Pokedex */ = {
			isa = PBXNativeTarget;
			buildConfigurationList = 4A5B6C281DA289550014C216 /* Build configuration list for PBXNativeTarget "Pokedex" */;
			buildPhases = (
				90C8C2CD48C1357EAB6F6334 /* [CP] Check Pods Manifest.lock */,
				4A5B6BFC1DA289550014C216 /* Sources */,
				4A5B6BFD1DA289550014C216 /* Frameworks */,
				4A5B6BFE1DA289550014C216 /* Resources */,
				540D4FF5D64703670BF19471 /* [CP] Embed Pods Frameworks */,
				1193991BB805FDA1E7B5149E /* [CP] Copy Pods Resources */,
			);
			buildRules = (
			);
			dependencies = (
			);
			name = Pokedex;
			productName = Pokedex;
			productReference = 4A5B6C001DA289550014C216 /* Pokedex.app */;
			productType = "com.apple.product-type.application";
		};
		4A5B6C131DA289550014C216 /* PokedexTests */ = {
			isa = PBXNativeTarget;
			buildConfigurationList = 4A5B6C2B1DA289550014C216 /* Build configuration list for PBXNativeTarget "PokedexTests" */;
			buildPhases = (
				BCD93C9DDA938DDBD84A9576 /* [CP] Check Pods Manifest.lock */,
				4A5B6C101DA289550014C216 /* Sources */,
				4A5B6C111DA289550014C216 /* Frameworks */,
				4A5B6C121DA289550014C216 /* Resources */,
				3BD194158E22022AC9C0AEE6 /* [CP] Embed Pods Frameworks */,
				77AED9EDA69E2F4692953236 /* [CP] Copy Pods Resources */,
			);
			buildRules = (
			);
			dependencies = (
				4A5B6C161DA289550014C216 /* PBXTargetDependency */,
			);
			name = PokedexTests;
			productName = PokedexTests;
			productReference = 4A5B6C141DA289550014C216 /* PokedexTests.xctest */;
			productType = "com.apple.product-type.bundle.unit-test";
		};
		4A5B6C1E1DA289550014C216 /* PokedexUITests */ = {
			isa = PBXNativeTarget;
			buildConfigurationList = 4A5B6C2E1DA289550014C216 /* Build configuration list for PBXNativeTarget "PokedexUITests" */;
			buildPhases = (
				3537D8DE5FB7D65DD1CDC625 /* [CP] Check Pods Manifest.lock */,
				4A5B6C1B1DA289550014C216 /* Sources */,
				4A5B6C1C1DA289550014C216 /* Frameworks */,
				4A5B6C1D1DA289550014C216 /* Resources */,
				A77C84117E587BAEF7504E2D /* [CP] Embed Pods Frameworks */,
				02C883E77514B62538FDE3EE /* [CP] Copy Pods Resources */,
			);
			buildRules = (
			);
			dependencies = (
				4A5B6C211DA289550014C216 /* PBXTargetDependency */,
			);
			name = PokedexUITests;
			productName = PokedexUITests;
			productReference = 4A5B6C1F1DA289550014C216 /* PokedexUITests.xctest */;
			productType = "com.apple.product-type.bundle.ui-testing";
		};
/* End PBXNativeTarget section */

/* Begin PBXProject section */
		4A5B6BF81DA289550014C216 /* Project object */ = {
			isa = PBXProject;
			attributes = {
				LastSwiftUpdateCheck = 0800;
				LastUpgradeCheck = 0800;
				ORGANIZATIONNAME = "Emil Møller Lind";
				TargetAttributes = {
					4A5B6BFF1DA289550014C216 = {
						CreatedOnToolsVersion = 8.0;
						DevelopmentTeam = QR2S7DZA96;
						LastSwiftMigration = 0800;
						ProvisioningStyle = Automatic;
					};
					4A5B6C131DA289550014C216 = {
						CreatedOnToolsVersion = 8.0;
						LastSwiftMigration = 0800;
						ProvisioningStyle = Automatic;
						TestTargetID = 4A5B6BFF1DA289550014C216;
					};
					4A5B6C1E1DA289550014C216 = {
						CreatedOnToolsVersion = 8.0;
						LastSwiftMigration = 0800;
						ProvisioningStyle = Automatic;
						TestTargetID = 4A5B6BFF1DA289550014C216;
					};
				};
			};
			buildConfigurationList = 4A5B6BFB1DA289550014C216 /* Build configuration list for PBXProject "Pokedex" */;
			compatibilityVersion = "Xcode 3.2";
			developmentRegion = English;
			hasScannedForEncodings = 0;
			knownRegions = (
				en,
				Base,
			);
			mainGroup = 4A5B6BF71DA289550014C216;
			productRefGroup = 4A5B6C011DA289550014C216 /* Products */;
			projectDirPath = "";
			projectRoot = "";
			targets = (
				4A5B6BFF1DA289550014C216 /* Pokedex */,
				4A5B6C131DA289550014C216 /* PokedexTests */,
				4A5B6C1E1DA289550014C216 /* PokedexUITests */,
			);
		};
/* End PBXProject section */

/* Begin PBXResourcesBuildPhase section */
		4A5B6BFE1DA289550014C216 /* Resources */ = {
			isa = PBXResourcesBuildPhase;
			buildActionMask = 2147483647;
			files = (
				4A2AE98F1DA45F3D0084C286 /* pokemon.ttf in Resources */,
				4A5B6C0E1DA289550014C216 /* LaunchScreen.storyboard in Resources */,
				4A5B6C0B1DA289550014C216 /* Assets.xcassets in Resources */,
				4A6A20951DA3E97500B15CDD /* pokemon.csv in Resources */,
				4A5B6C091DA289550014C216 /* Main.storyboard in Resources */,
				4A4AFA911DAB9EB10001F83B /* Pokemon GB.ttf in Resources */,
				4A4C94DA1DA55BBE000DE413 /* music.mp3 in Resources */,
			);
			runOnlyForDeploymentPostprocessing = 0;
		};
		4A5B6C121DA289550014C216 /* Resources */ = {
			isa = PBXResourcesBuildPhase;
			buildActionMask = 2147483647;
			files = (
			);
			runOnlyForDeploymentPostprocessing = 0;
		};
		4A5B6C1D1DA289550014C216 /* Resources */ = {
			isa = PBXResourcesBuildPhase;
			buildActionMask = 2147483647;
			files = (
			);
			runOnlyForDeploymentPostprocessing = 0;
		};
/* End PBXResourcesBuildPhase section */

/* Begin PBXShellScriptBuildPhase section */
		02C883E77514B62538FDE3EE /* [CP] Copy Pods Resources */ = {
			isa = PBXShellScriptBuildPhase;
			buildActionMask = 2147483647;
			files = (
			);
			inputPaths = (
			);
			name = "[CP] Copy Pods Resources";
			outputPaths = (
			);
			runOnlyForDeploymentPostprocessing = 0;
			shellPath = /bin/sh;
			shellScript = "\"${SRCROOT}/Pods/Target Support Files/Pods-PokedexUITests/Pods-PokedexUITests-resources.sh\"\n";
			showEnvVarsInLog = 0;
		};
		1193991BB805FDA1E7B5149E /* [CP] Copy Pods Resources */ = {
			isa = PBXShellScriptBuildPhase;
			buildActionMask = 2147483647;
			files = (
			);
			inputPaths = (
			);
			name = "[CP] Copy Pods Resources";
			outputPaths = (
			);
			runOnlyForDeploymentPostprocessing = 0;
			shellPath = /bin/sh;
			shellScript = "\"${SRCROOT}/Pods/Target Support Files/Pods-Pokedex/Pods-Pokedex-resources.sh\"\n";
			showEnvVarsInLog = 0;
		};
		3537D8DE5FB7D65DD1CDC625 /* [CP] Check Pods Manifest.lock */ = {
			isa = PBXShellScriptBuildPhase;
			buildActionMask = 2147483647;
			files = (
			);
			inputPaths = (
			);
			name = "[CP] Check Pods Manifest.lock";
			outputPaths = (
			);
			runOnlyForDeploymentPostprocessing = 0;
			shellPath = /bin/sh;
			shellScript = "diff \"${PODS_ROOT}/../Podfile.lock\" \"${PODS_ROOT}/Manifest.lock\" > /dev/null\nif [ $? != 0 ] ; then\n    # print error to STDERR\n    echo \"error: The sandbox is not in sync with the Podfile.lock. Run 'pod install' or update your CocoaPods installation.\" >&2\n    exit 1\nfi\n";
			showEnvVarsInLog = 0;
		};
		3BD194158E22022AC9C0AEE6 /* [CP] Embed Pods Frameworks */ = {
			isa = PBXShellScriptBuildPhase;
			buildActionMask = 2147483647;
			files = (
			);
			inputPaths = (
			);
			name = "[CP] Embed Pods Frameworks";
			outputPaths = (
			);
			runOnlyForDeploymentPostprocessing = 0;
			shellPath = /bin/sh;
			shellScript = "\"${SRCROOT}/Pods/Target Support Files/Pods-PokedexTests/Pods-PokedexTests-frameworks.sh\"\n";
			showEnvVarsInLog = 0;
		};
		540D4FF5D64703670BF19471 /* [CP] Embed Pods Frameworks */ = {
			isa = PBXShellScriptBuildPhase;
			buildActionMask = 2147483647;
			files = (
			);
			inputPaths = (
			);
			name = "[CP] Embed Pods Frameworks";
			outputPaths = (
			);
			runOnlyForDeploymentPostprocessing = 0;
			shellPath = /bin/sh;
			shellScript = "\"${SRCROOT}/Pods/Target Support Files/Pods-Pokedex/Pods-Pokedex-frameworks.sh\"\n";
			showEnvVarsInLog = 0;
		};
		77AED9EDA69E2F4692953236 /* [CP] Copy Pods Resources */ = {
			isa = PBXShellScriptBuildPhase;
			buildActionMask = 2147483647;
			files = (
			);
			inputPaths = (
			);
			name = "[CP] Copy Pods Resources";
			outputPaths = (
			);
			runOnlyForDeploymentPostprocessing = 0;
			shellPath = /bin/sh;
			shellScript = "\"${SRCROOT}/Pods/Target Support Files/Pods-PokedexTests/Pods-PokedexTests-resources.sh\"\n";
			showEnvVarsInLog = 0;
		};
		90C8C2CD48C1357EAB6F6334 /* [CP] Check Pods Manifest.lock */ = {
			isa = PBXShellScriptBuildPhase;
			buildActionMask = 2147483647;
			files = (
			);
			inputPaths = (
			);
			name = "[CP] Check Pods Manifest.lock";
			outputPaths = (
			);
			runOnlyForDeploymentPostprocessing = 0;
			shellPath = /bin/sh;
			shellScript = "diff \"${PODS_ROOT}/../Podfile.lock\" \"${PODS_ROOT}/Manifest.lock\" > /dev/null\nif [ $? != 0 ] ; then\n    # print error to STDERR\n    echo \"error: The sandbox is not in sync with the Podfile.lock. Run 'pod install' or update your CocoaPods installation.\" >&2\n    exit 1\nfi\n";
			showEnvVarsInLog = 0;
		};
		A77C84117E587BAEF7504E2D /* [CP] Embed Pods Frameworks */ = {
			isa = PBXShellScriptBuildPhase;
			buildActionMask = 2147483647;
			files = (
			);
			inputPaths = (
			);
			name = "[CP] Embed Pods Frameworks";
			outputPaths = (
			);
			runOnlyForDeploymentPostprocessing = 0;
			shellPath = /bin/sh;
			shellScript = "\"${SRCROOT}/Pods/Target Support Files/Pods-PokedexUITests/Pods-PokedexUITests-frameworks.sh\"\n";
			showEnvVarsInLog = 0;
		};
		BCD93C9DDA938DDBD84A9576 /* [CP] Check Pods Manifest.lock */ = {
			isa = PBXShellScriptBuildPhase;
			buildActionMask = 2147483647;
			files = (
			);
			inputPaths = (
			);
			name = "[CP] Check Pods Manifest.lock";
			outputPaths = (
			);
			runOnlyForDeploymentPostprocessing = 0;
			shellPath = /bin/sh;
			shellScript = "diff \"${PODS_ROOT}/../Podfile.lock\" \"${PODS_ROOT}/Manifest.lock\" > /dev/null\nif [ $? != 0 ] ; then\n    # print error to STDERR\n    echo \"error: The sandbox is not in sync with the Podfile.lock. Run 'pod install' or update your CocoaPods installation.\" >&2\n    exit 1\nfi\n";
			showEnvVarsInLog = 0;
		};
/* End PBXShellScriptBuildPhase section */

/* Begin PBXSourcesBuildPhase section */
		4A5B6BFC1DA289550014C216 /* Sources */ = {
			isa = PBXSourcesBuildPhase;
			buildActionMask = 2147483647;
			files = (
				4A6A20911DA3D84300B15CDD /* PokeCell.swift in Sources */,
				4A4AFA931DABAF4C0001F83B /* CONSTANTS.swift in Sources */,
				4A5B6C061DA289550014C216 /* ViewController.swift in Sources */,
				4A5B6C041DA289550014C216 /* AppDelegate.swift in Sources */,
				4A312E201DA7884800860966 /* PokemonDetailVC.swift in Sources */,
				4A5B6C331DA28CEF0014C216 /* Pokemon.swift in Sources */,
				4A6A20931DA3E54800B15CDD /* csv.swift in Sources */,
			);
			runOnlyForDeploymentPostprocessing = 0;
		};
		4A5B6C101DA289550014C216 /* Sources */ = {
			isa = PBXSourcesBuildPhase;
			buildActionMask = 2147483647;
			files = (
				4A5B6C191DA289550014C216 /* PokedexTests.swift in Sources */,
			);
			runOnlyForDeploymentPostprocessing = 0;
		};
		4A5B6C1B1DA289550014C216 /* Sources */ = {
			isa = PBXSourcesBuildPhase;
			buildActionMask = 2147483647;
			files = (
				4A5B6C241DA289550014C216 /* PokedexUITests.swift in Sources */,
			);
			runOnlyForDeploymentPostprocessing = 0;
		};
/* End PBXSourcesBuildPhase section */

/* Begin PBXTargetDependency section */
		4A5B6C161DA289550014C216 /* PBXTargetDependency */ = {
			isa = PBXTargetDependency;
			target = 4A5B6BFF1DA289550014C216 /* Pokedex */;
			targetProxy = 4A5B6C151DA289550014C216 /* PBXContainerItemProxy */;
		};
		4A5B6C211DA289550014C216 /* PBXTargetDependency */ = {
			isa = PBXTargetDependency;
			target = 4A5B6BFF1DA289550014C216 /* Pokedex */;
			targetProxy = 4A5B6C201DA289550014C216 /* PBXContainerItemProxy */;
		};
/* End PBXTargetDependency section */

/* Begin PBXVariantGroup section */
		4A5B6C071DA289550014C216 /* Main.storyboard */ = {
			isa = PBXVariantGroup;
			children = (
				4A5B6C081DA289550014C216 /* Base */,
			);
			name = Main.storyboard;
			sourceTree = "<group>";
		};
		4A5B6C0C1DA289550014C216 /* LaunchScreen.storyboard */ = {
			isa = PBXVariantGroup;
			children = (
				4A5B6C0D1DA289550014C216 /* Base */,
			);
			name = LaunchScreen.storyboard;
			sourceTree = "<group>";
		};
/* End PBXVariantGroup section */

/* Begin XCBuildConfiguration section */
		4A5B6C261DA289550014C216 /* Debug */ = {
			isa = XCBuildConfiguration;
			buildSettings = {
				ALWAYS_SEARCH_USER_PATHS = NO;
				CLANG_ANALYZER_NONNULL = YES;
				CLANG_CXX_LANGUAGE_STANDARD = "gnu++0x";
				CLANG_CXX_LIBRARY = "libc++";
				CLANG_ENABLE_MODULES = YES;
				CLANG_ENABLE_OBJC_ARC = YES;
				CLANG_WARN_BOOL_CONVERSION = YES;
				CLANG_WARN_CONSTANT_CONVERSION = YES;
				CLANG_WARN_DIRECT_OBJC_ISA_USAGE = YES_ERROR;
				CLANG_WARN_DOCUMENTATION_COMMENTS = YES;
				CLANG_WARN_EMPTY_BODY = YES;
				CLANG_WARN_ENUM_CONVERSION = YES;
				CLANG_WARN_INFINITE_RECURSION = YES;
				CLANG_WARN_INT_CONVERSION = YES;
				CLANG_WARN_OBJC_ROOT_CLASS = YES_ERROR;
				CLANG_WARN_SUSPICIOUS_MOVES = YES;
				CLANG_WARN_UNREACHABLE_CODE = YES;
				CLANG_WARN__DUPLICATE_METHOD_MATCH = YES;
				"CODE_SIGN_IDENTITY[sdk=iphoneos*]" = "iPhone Developer";
				COPY_PHASE_STRIP = NO;
				DEBUG_INFORMATION_FORMAT = dwarf;
				ENABLE_STRICT_OBJC_MSGSEND = YES;
				ENABLE_TESTABILITY = YES;
				GCC_C_LANGUAGE_STANDARD = gnu99;
				GCC_DYNAMIC_NO_PIC = NO;
				GCC_NO_COMMON_BLOCKS = YES;
				GCC_OPTIMIZATION_LEVEL = 0;
				GCC_PREPROCESSOR_DEFINITIONS = (
					"DEBUG=1",
					"$(inherited)",
				);
				GCC_WARN_64_TO_32_BIT_CONVERSION = YES;
				GCC_WARN_ABOUT_RETURN_TYPE = YES_ERROR;
				GCC_WARN_UNDECLARED_SELECTOR = YES;
				GCC_WARN_UNINITIALIZED_AUTOS = YES_AGGRESSIVE;
				GCC_WARN_UNUSED_FUNCTION = YES;
				GCC_WARN_UNUSED_VARIABLE = YES;
				IPHONEOS_DEPLOYMENT_TARGET = 10.0;
				MTL_ENABLE_DEBUG_INFO = YES;
				ONLY_ACTIVE_ARCH = YES;
				SDKROOT = iphoneos;
				SWIFT_ACTIVE_COMPILATION_CONDITIONS = DEBUG;
				SWIFT_OPTIMIZATION_LEVEL = "-Onone";
				TARGETED_DEVICE_FAMILY = "1,2";
			};
			name = Debug;
		};
		4A5B6C271DA289550014C216 /* Release */ = {
			isa = XCBuildConfiguration;
			buildSettings = {
				ALWAYS_SEARCH_USER_PATHS = NO;
				CLANG_ANALYZER_NONNULL = YES;
				CLANG_CXX_LANGUAGE_STANDARD = "gnu++0x";
				CLANG_CXX_LIBRARY = "libc++";
				CLANG_ENABLE_MODULES = YES;
				CLANG_ENABLE_OBJC_ARC = YES;
				CLANG_WARN_BOOL_CONVERSION = YES;
				CLANG_WARN_CONSTANT_CONVERSION = YES;
				CLANG_WARN_DIRECT_OBJC_ISA_USAGE = YES_ERROR;
				CLANG_WARN_DOCUMENTATION_COMMENTS = YES;
				CLANG_WARN_EMPTY_BODY = YES;
				CLANG_WARN_ENUM_CONVERSION = YES;
				CLANG_WARN_INFINITE_RECURSION = YES;
				CLANG_WARN_INT_CONVERSION = YES;
				CLANG_WARN_OBJC_ROOT_CLASS = YES_ERROR;
				CLANG_WARN_SUSPICIOUS_MOVES = YES;
				CLANG_WARN_UNREACHABLE_CODE = YES;
				CLANG_WARN__DUPLICATE_METHOD_MATCH = YES;
				"CODE_SIGN_IDENTITY[sdk=iphoneos*]" = "iPhone Developer";
				COPY_PHASE_STRIP = NO;
				DEBUG_INFORMATION_FORMAT = "dwarf-with-dsym";
				ENABLE_NS_ASSERTIONS = NO;
				ENABLE_STRICT_OBJC_MSGSEND = YES;
				GCC_C_LANGUAGE_STANDARD = gnu99;
				GCC_NO_COMMON_BLOCKS = YES;
				GCC_WARN_64_TO_32_BIT_CONVERSION = YES;
				GCC_WARN_ABOUT_RETURN_TYPE = YES_ERROR;
				GCC_WARN_UNDECLARED_SELECTOR = YES;
				GCC_WARN_UNINITIALIZED_AUTOS = YES_AGGRESSIVE;
				GCC_WARN_UNUSED_FUNCTION = YES;
				GCC_WARN_UNUSED_VARIABLE = YES;
				IPHONEOS_DEPLOYMENT_TARGET = 10.0;
				MTL_ENABLE_DEBUG_INFO = NO;
				SDKROOT = iphoneos;
				SWIFT_OPTIMIZATION_LEVEL = "-Owholemodule";
				TARGETED_DEVICE_FAMILY = "1,2";
				VALIDATE_PRODUCT = YES;
			};
			name = Release;
		};
		4A5B6C291DA289550014C216 /* Debug */ = {
			isa = XCBuildConfiguration;
			baseConfigurationReference = CB21F0326A8F8F953AE2ECE8 /* Pods-Pokedex.debug.xcconfig */;
			buildSettings = {
				ASSETCATALOG_COMPILER_APPICON_NAME = AppIcon;
				DEVELOPMENT_TEAM = QR2S7DZA96;
				INFOPLIST_FILE = Pokedex/Info.plist;
				IPHONEOS_DEPLOYMENT_TARGET = 10.0;
				LD_RUNPATH_SEARCH_PATHS = "$(inherited) @executable_path/Frameworks";
				PRODUCT_BUNDLE_IDENTIFIER = Emilsen.Pokedex;
				PRODUCT_NAME = "$(TARGET_NAME)";
				SWIFT_VERSION = 3.0;
			};
			name = Debug;
		};
		4A5B6C2A1DA289550014C216 /* Release */ = {
			isa = XCBuildConfiguration;
			baseConfigurationReference = 13DAC5F3AE246ABDA2F76584 /* Pods-Pokedex.release.xcconfig */;
			buildSettings = {
				ASSETCATALOG_COMPILER_APPICON_NAME = AppIcon;
				DEVELOPMENT_TEAM = QR2S7DZA96;
				INFOPLIST_FILE = Pokedex/Info.plist;
				IPHONEOS_DEPLOYMENT_TARGET = 10.0;
				LD_RUNPATH_SEARCH_PATHS = "$(inherited) @executable_path/Frameworks";
				PRODUCT_BUNDLE_IDENTIFIER = Emilsen.Pokedex;
				PRODUCT_NAME = "$(TARGET_NAME)";
				SWIFT_VERSION = 3.0;
			};
			name = Release;
		};
		4A5B6C2C1DA289550014C216 /* Debug */ = {
			isa = XCBuildConfiguration;
			baseConfigurationReference = 2665B0E886F6BC7FF057D960 /* Pods-PokedexTests.debug.xcconfig */;
			buildSettings = {
				ALWAYS_EMBED_SWIFT_STANDARD_LIBRARIES = YES;
				BUNDLE_LOADER = "$(TEST_HOST)";
				INFOPLIST_FILE = PokedexTests/Info.plist;
				LD_RUNPATH_SEARCH_PATHS = "$(inherited) @executable_path/Frameworks @loader_path/Frameworks";
				PRODUCT_BUNDLE_IDENTIFIER = Emilsen.PokedexTests;
				PRODUCT_NAME = "$(TARGET_NAME)";
				SWIFT_VERSION = 3.0;
				TEST_HOST = "$(BUILT_PRODUCTS_DIR)/Pokedex.app/Pokedex";
			};
			name = Debug;
		};
		4A5B6C2D1DA289550014C216 /* Release */ = {
			isa = XCBuildConfiguration;
			baseConfigurationReference = C5EFF58BD11D2253C2F4AA27 /* Pods-PokedexTests.release.xcconfig */;
			buildSettings = {
				ALWAYS_EMBED_SWIFT_STANDARD_LIBRARIES = YES;
				BUNDLE_LOADER = "$(TEST_HOST)";
				INFOPLIST_FILE = PokedexTests/Info.plist;
				LD_RUNPATH_SEARCH_PATHS = "$(inherited) @executable_path/Frameworks @loader_path/Frameworks";
				PRODUCT_BUNDLE_IDENTIFIER = Emilsen.PokedexTests;
				PRODUCT_NAME = "$(TARGET_NAME)";
				SWIFT_VERSION = 3.0;
				TEST_HOST = "$(BUILT_PRODUCTS_DIR)/Pokedex.app/Pokedex";
			};
			name = Release;
		};
		4A5B6C2F1DA289550014C216 /* Debug */ = {
			isa = XCBuildConfiguration;
			baseConfigurationReference = 95E73F41A11DACAA51B178F0 /* Pods-PokedexUITests.debug.xcconfig */;
			buildSettings = {
				ALWAYS_EMBED_SWIFT_STANDARD_LIBRARIES = YES;
				INFOPLIST_FILE = PokedexUITests/Info.plist;
				LD_RUNPATH_SEARCH_PATHS = "$(inherited) @executable_path/Frameworks @loader_path/Frameworks";
				PRODUCT_BUNDLE_IDENTIFIER = Emilsen.PokedexUITests;
				PRODUCT_NAME = "$(TARGET_NAME)";
				SWIFT_VERSION = 3.0;
				TEST_TARGET_NAME = Pokedex;
			};
			name = Debug;
		};
		4A5B6C301DA289550014C216 /* Release */ = {
			isa = XCBuildConfiguration;
			baseConfigurationReference = 9D91658858B6B79E486BCB77 /* Pods-PokedexUITests.release.xcconfig */;
			buildSettings = {
				ALWAYS_EMBED_SWIFT_STANDARD_LIBRARIES = YES;
				INFOPLIST_FILE = PokedexUITests/Info.plist;
				LD_RUNPATH_SEARCH_PATHS = "$(inherited) @executable_path/Frameworks @loader_path/Frameworks";
				PRODUCT_BUNDLE_IDENTIFIER = Emilsen.PokedexUITests;
				PRODUCT_NAME = "$(TARGET_NAME)";
				SWIFT_VERSION = 3.0;
				TEST_TARGET_NAME = Pokedex;
			};
			name = Release;
		};
/* End XCBuildConfiguration section */

/* Begin XCConfigurationList section */
		4A5B6BFB1DA289550014C216 /* Build configuration list for PBXProject "Pokedex" */ = {
			isa = XCConfigurationList;
			buildConfigurations = (
				4A5B6C261DA289550014C216 /* Debug */,
				4A5B6C271DA289550014C216 /* Release */,
			);
			defaultConfigurationIsVisible = 0;
			defaultConfigurationName = Release;
		};
		4A5B6C281DA289550014C216 /* Build configuration list for PBXNativeTarget "Pokedex" */ = {
			isa = XCConfigurationList;
			buildConfigurations = (
				4A5B6C291DA289550014C216 /* Debug */,
				4A5B6C2A1DA289550014C216 /* Release */,
			);
			defaultConfigurationIsVisible = 0;
			defaultConfigurationName = Release;
		};
		4A5B6C2B1DA289550014C216 /* Build configuration list for PBXNativeTarget "PokedexTests" */ = {
			isa = XCConfigurationList;
			buildConfigurations = (
				4A5B6C2C1DA289550014C216 /* Debug */,
				4A5B6C2D1DA289550014C216 /* Release */,
			);
			defaultConfigurationIsVisible = 0;
			defaultConfigurationName = Release;
		};
		4A5B6C2E1DA289550014C216 /* Build configuration list for PBXNativeTarget "PokedexUITests" */ = {
			isa = XCConfigurationList;
			buildConfigurations = (
				4A5B6C2F1DA289550014C216 /* Debug */,
				4A5B6C301DA289550014C216 /* Release */,
			);
			defaultConfigurationIsVisible = 0;
			defaultConfigurationName = Release;
		};
/* End XCConfigurationList section */
	};
	rootObject = 4A5B6BF81DA289550014C216 /* Project object */;
}
